// !$*UTF8*$!
{
	archiveVersion = 1;
	classes = {
	};
	objectVersion = 77;
	objects = {

/* Begin PBXBuildFile section */
		CD2C0F2F304E910200809E89 /* screenshots in Resources */ = {isa = PBXBuildFile; fileRef = CD2C0F2E304E90F800809E89 /* screenshots */; platformFilters = (macos, ); };
		CD2C16783021DEE0001CC889 /* GRDB in Frameworks */ = {isa = PBXBuildFile; productRef = CD2C16773021DEE0001CC889 /* GRDB */; };
		CD7DB68330519EEA009287EE /* help_en.html in Resources */ = {isa = PBXBuildFile; fileRef = CD7DB68230519EEA009287EE /* help_en.html */; };
		CDACF616302115B9005EBF39 /* Assets.xcassets in Resources */ = {isa = PBXBuildFile; fileRef = CDACF60F302115B9005EBF39 /* Assets.xcassets */; };
		CDD4E2573032C7E80050A8DC /* HelpWebView.swift in Sources */ = {isa = PBXBuildFile; fileRef = CDD4E2563032C7E80050A8DC /* HelpWebView.swift */; };
		CDD4E2593032C7FF0050A8DC /* HelpWindowView.swift in Sources */ = {isa = PBXBuildFile; fileRef = CDD4E2583032C7FF0050A8DC /* HelpWindowView.swift */; };
/* End PBXBuildFile section */

/* Begin PBXFileReference section */
		CD2C0F2E304E90F800809E89 /* screenshots */ = {isa = PBXFileReference; lastKnownFileType = folder; path = screenshots; sourceTree = "<group>"; };
		CD36340A303613D7005C9DF7 /* NOTICE */ = {isa = PBXFileReference; lastKnownFileType = text; path = NOTICE; sourceTree = "<group>"; };
		CD68E10230210DC000899C4B /* TandaComposer.app */ = {isa = PBXFileReference; explicitFileType = wrapper.application; includeInIndex = 0; path = TandaComposer.app; sourceTree = BUILT_PRODUCTS_DIR; };
		CD7DB68230519EEA009287EE /* help_en.html */ = {isa = PBXFileReference; lastKnownFileType = text.html; path = help_en.html; sourceTree = "<group>"; };
		CD7E0D0B3033664800E84A2B /* LICENSE_MIT */ = {isa = PBXFileReference; lastKnownFileType = text; path = LICENSE_MIT; sourceTree = "<group>"; };
		CD7E0D0E30336C6100E84A2B /* GRDB.txt */ = {isa = PBXFileReference; lastKnownFileType = text; path = GRDB.txt; sourceTree = "<group>"; };
		CD7E0D1030336D9A00E84A2B /* LICENSE */ = {isa = PBXFileReference; lastKnownFileType = text; path = LICENSE; sourceTree = "<group>"; };
		CDACF60F302115B9005EBF39 /* Assets.xcassets */ = {isa = PBXFileReference; lastKnownFileType = folder.assetcatalog; path = Assets.xcassets; sourceTree = "<group>"; };
		CDD4E2563032C7E80050A8DC /* HelpWebView.swift */ = {isa = PBXFileReference; lastKnownFileType = sourcecode.swift; path = HelpWebView.swift; sourceTree = "<group>"; };
		CDD4E2583032C7FF0050A8DC /* HelpWindowView.swift */ = {isa = PBXFileReference; lastKnownFileType = sourcecode.swift; path = HelpWindowView.swift; sourceTree = "<group>"; };
/* End PBXFileReference section */

/* Begin PBXFileSystemSynchronizedGroupBuildPhaseMembershipExceptionSet section */
		CDBE45FB3021EED400732528 /* Exceptions for "TandaComposer" folder in "Copy Bundle Resources" phase from "TandaComposer" target */ = {
			isa = PBXFileSystemSynchronizedGroupBuildPhaseMembershipExceptionSet;
			buildPhase = CD68E10030210DC000899C4B /* Resources */;
			membershipExceptions = (
				"TandaComposer-Bridging-Header.h",
			);
		};
/* End PBXFileSystemSynchronizedGroupBuildPhaseMembershipExceptionSet section */

/* Begin PBXFileSystemSynchronizedRootGroup section */
		CD060897303217370035329E /* TandaDuplicates */ = {
			isa = PBXFileSystemSynchronizedRootGroup;
			path = TandaDuplicates;
			sourceTree = "<group>";
		};
		CD48813F30275AD900A6A99D /* TandaSmart */ = {
			isa = PBXFileSystemSynchronizedRootGroup;
			path = TandaSmart;
			sourceTree = "<group>";
		};
		CD68E10430210DC000899C4B /* TandaComposer */ = {
			isa = PBXFileSystemSynchronizedRootGroup;
			exceptions = (
				CDBE45FB3021EED400732528 /* Exceptions for "TandaComposer" folder in "Copy Bundle Resources" phase from "TandaComposer" target */,
			);
			path = TandaComposer;
			sourceTree = "<group>";
		};
		CD68E1363021125200899C4B /* TandaKit */ = {
			isa = PBXFileSystemSynchronizedRootGroup;
			path = TandaKit;
			sourceTree = "<group>";
		};
		CD68E1373021126800899C4B /* TandaCore */ = {
			isa = PBXFileSystemSynchronizedRootGroup;
			path = TandaCore;
			sourceTree = "<group>";
		};
		CD832CA6304216050044B09B /* TandaLibrary */ = {
			isa = PBXFileSystemSynchronizedRootGroup;
			path = TandaLibrary;
			sourceTree = "<group>";
		};
		CD84681C302A45B50060E09E /* TandaPreviewPlayer */ = {
			isa = PBXFileSystemSynchronizedRootGroup;
			path = TandaPreviewPlayer;
			sourceTree = "<group>";
		};
		CDC70597304133B700AFC09E /* TandaTools */ = {
			isa = PBXFileSystemSynchronizedRootGroup;
			path = TandaTools;
			sourceTree = "<group>";
		};
		CDD7061330380EB200EC5020 /* AudioTagKit */ = {
			isa = PBXFileSystemSynchronizedRootGroup;
			path = AudioTagKit;
			sourceTree = "<group>";
		};
/* End PBXFileSystemSynchronizedRootGroup section */

/* Begin PBXFrameworksBuildPhase section */
		CD68E0FF30210DC000899C4B /* Frameworks */ = {
			isa = PBXFrameworksBuildPhase;
			buildActionMask = 2147483647;
			files = (
				CD2C16783021DEE0001CC889 /* GRDB in Frameworks */,
			);
			runOnlyForDeploymentPostprocessing = 0;
		};
/* End PBXFrameworksBuildPhase section */

/* Begin PBXGroup section */
		CD68E0F930210DC000899C4B = {
			isa = PBXGroup;
			children = (
				CD7E0D1030336D9A00E84A2B /* LICENSE */,
				CD36340A303613D7005C9DF7 /* NOTICE */,
				CD7E0D0A3033628800E84A2B /* Third-Party_Notices */,
				CDD4E2533032C3300050A8DC /* Help */,
				CD060897303217370035329E /* TandaDuplicates */,
				CD84681C302A45B50060E09E /* TandaPreviewPlayer */,
				CD48813F30275AD900A6A99D /* TandaSmart */,
				CD68E1373021126800899C4B /* TandaCore */,
				CD68E1363021125200899C4B /* TandaKit */,
				CD68E10430210DC000899C4B /* TandaComposer */,
				CDC70597304133B700AFC09E /* TandaTools */,
				CD68E10330210DC000899C4B /* Products */,
				CDACF60F302115B9005EBF39 /* Assets.xcassets */,
				CDD7061330380EB200EC5020 /* AudioTagKit */,
				CD832CA6304216050044B09B /* TandaLibrary */,
			);
			sourceTree = "<group>";
		};
		CD68E10330210DC000899C4B /* Products */ = {
			isa = PBXGroup;
			children = (
				CD68E10230210DC000899C4B /* TandaComposer.app */,
			);
			name = Products;
			sourceTree = "<group>";
		};
		CD7E0D0A3033628800E84A2B /* Third-Party_Notices */ = {
			isa = PBXGroup;
			children = (
				CD7E0D0E30336C6100E84A2B /* GRDB.txt */,
				CD7E0D0B3033664800E84A2B /* LICENSE_MIT */,
			);
			path = "Third-Party_Notices";
			sourceTree = "<group>";
		};
		CDD4E2533032C3300050A8DC /* Help */ = {
			isa = PBXGroup;
			children = (
				CD7DB68230519EEA009287EE /* help_en.html */,
				CD2C0F2E304E90F800809E89 /* screenshots */,
				CDD4E2583032C7FF0050A8DC /* HelpWindowView.swift */,
				CDD4E2563032C7E80050A8DC /* HelpWebView.swift */,
			);
			path = Help;
			sourceTree = "<group>";
		};
/* End PBXGroup section */

/* Begin PBXNativeTarget section */
		CD68E10130210DC000899C4B /* TandaComposer */ = {
			isa = PBXNativeTarget;
			buildConfigurationList = CD68E10D30210DC200899C4B /* Build configuration list for PBXNativeTarget "TandaComposer" */;
			buildPhases = (
				CD68E0FE30210DC000899C4B /* Sources */,
				CD68E0FF30210DC000899C4B /* Frameworks */,
				CD68E10030210DC000899C4B /* Resources */,
			);
			buildRules = (
			);
			dependencies = (
			);
			fileSystemSynchronizedGroups = (
				CD060897303217370035329E /* TandaDuplicates */,
				CD48813F30275AD900A6A99D /* TandaSmart */,
				CD68E10430210DC000899C4B /* TandaComposer */,
				CD68E1363021125200899C4B /* TandaKit */,
				CD68E1373021126800899C4B /* TandaCore */,
				CD832CA6304216050044B09B /* TandaLibrary */,
				CD84681C302A45B50060E09E /* TandaPreviewPlayer */,
				CDC70597304133B700AFC09E /* TandaTools */,
				CDD7061330380EB200EC5020 /* AudioTagKit */,
			);
			name = TandaComposer;
			packageProductDependencies = (
				CD2C16773021DEE0001CC889 /* GRDB */,
			);
			productName = TandaComposer;
			productReference = CD68E10230210DC000899C4B /* TandaComposer.app */;
			productType = "com.apple.product-type.application";
		};
/* End PBXNativeTarget section */

/* Begin PBXProject section */
		CD68E0FA30210DC000899C4B /* Project object */ = {
			isa = PBXProject;
			attributes = {
				BuildIndependentTargetsInParallel = 1;
				LastSwiftUpdateCheck = 2660;
				LastUpgradeCheck = 2660;
				TargetAttributes = {
					CD68E10130210DC000899C4B = {
						CreatedOnToolsVersion = 26.6;
						LastSwiftMigration = 2660;
					};
				};
			};
			buildConfigurationList = CD68E0FD30210DC000899C4B /* Build configuration list for PBXProject "TandaComposer" */;
			developmentRegion = en;
			hasScannedForEncodings = 0;
			knownRegions = (
				en,
				Base,
			);
			mainGroup = CD68E0F930210DC000899C4B;
			minimizedProjectReferenceProxies = 1;
			packageReferences = (
				CD2C16763021DEE0001CC889 /* XCRemoteSwiftPackageReference "GRDB.swift" */,
			);
			preferredProjectObjectVersion = 77;
			productRefGroup = CD68E10330210DC000899C4B /* Products */;
			projectDirPath = "";
			projectRoot = "";
			targets = (
				CD68E10130210DC000899C4B /* TandaComposer */,
			);
		};
/* End PBXProject section */

/* Begin PBXResourcesBuildPhase section */
		CD68E10030210DC000899C4B /* Resources */ = {
			isa = PBXResourcesBuildPhase;
			buildActionMask = 2147483647;
			files = (
				CDACF616302115B9005EBF39 /* Assets.xcassets in Resources */,
				CD2C0F2F304E910200809E89 /* screenshots in Resources */,
				CD7DB68330519EEA009287EE /* help_en.html in Resources */,
			);
			runOnlyForDeploymentPostprocessing = 0;
		};
/* End PBXResourcesBuildPhase section */

/* Begin PBXSourcesBuildPhase section */
		CD68E0FE30210DC000899C4B /* Sources */ = {
			isa = PBXSourcesBuildPhase;
			buildActionMask = 2147483647;
			files = (
				CDD4E2593032C7FF0050A8DC /* HelpWindowView.swift in Sources */,
				CDD4E2573032C7E80050A8DC /* HelpWebView.swift in Sources */,
			);
			runOnlyForDeploymentPostprocessing = 0;
		};
/* End PBXSourcesBuildPhase section */

/* Begin XCBuildConfiguration section */
		CD68E10B30210DC200899C4B /* Debug */ = {
			isa = XCBuildConfiguration;
			buildSettings = {
				ALWAYS_SEARCH_USER_PATHS = NO;
				ASSETCATALOG_COMPILER_GENERATE_SWIFT_ASSET_SYMBOL_EXTENSIONS = YES;
				CLANG_ANALYZER_NONNULL = YES;
				CLANG_ANALYZER_NUMBER_OBJECT_CONVERSION = YES_AGGRESSIVE;
				CLANG_CXX_LANGUAGE_STANDARD = "gnu++20";
				CLANG_ENABLE_MODULES = YES;
				CLANG_ENABLE_OBJC_ARC = YES;
				CLANG_ENABLE_OBJC_WEAK = YES;
				CLANG_WARN_BLOCK_CAPTURE_AUTORELEASING = YES;
				CLANG_WARN_BOOL_CONVERSION = YES;
				CLANG_WARN_COMMA = YES;
				CLANG_WARN_CONSTANT_CONVERSION = YES;
				CLANG_WARN_DEPRECATED_OBJC_IMPLEMENTATIONS = YES;
				CLANG_WARN_DIRECT_OBJC_ISA_USAGE = YES_ERROR;
				CLANG_WARN_DOCUMENTATION_COMMENTS = YES;
				CLANG_WARN_EMPTY_BODY = YES;
				CLANG_WARN_ENUM_CONVERSION = YES;
				CLANG_WARN_INFINITE_RECURSION = YES;
				CLANG_WARN_INT_CONVERSION = YES;
				CLANG_WARN_NON_LITERAL_NULL_CONVERSION = YES;
				CLANG_WARN_OBJC_IMPLICIT_RETAIN_SELF = YES;
				CLANG_WARN_OBJC_LITERAL_CONVERSION = YES;
				CLANG_WARN_OBJC_ROOT_CLASS = YES_ERROR;
				CLANG_WARN_QUOTED_INCLUDE_IN_FRAMEWORK_HEADER = YES;
				CLANG_WARN_RANGE_LOOP_ANALYSIS = YES;
				CLANG_WARN_STRICT_PROTOTYPES = YES;
				CLANG_WARN_SUSPICIOUS_MOVE = YES;
				CLANG_WARN_UNGUARDED_AVAILABILITY = YES_AGGRESSIVE;
				CLANG_WARN_UNREACHABLE_CODE = YES;
				CLANG_WARN__DUPLICATE_METHOD_MATCH = YES;
				COPY_PHASE_STRIP = NO;
				DEBUG_INFORMATION_FORMAT = dwarf;
				DEVELOPMENT_TEAM = F62X2JJ3T9;
				ENABLE_STRICT_OBJC_MSGSEND = YES;
				ENABLE_TESTABILITY = YES;
				ENABLE_USER_SCRIPT_SANDBOXING = YES;
				GCC_C_LANGUAGE_STANDARD = gnu17;
				GCC_DYNAMIC_NO_PIC = NO;
				GCC_NO_COMMON_BLOCKS = YES;
				GCC_OPTIMIZATION_LEVEL = 0;
				GCC_PREPROCESSOR_DEFINITIONS = (
					"DEBUG=1",
					"$(inherited)",
				);
				GCC_WARN_64_TO_32_BIT_CONVERSION = YES;
				GCC_WARN_ABOUT_RETURN_TYPE = YES_ERROR;
				GCC_WARN_UNDECLARED_SELECTOR = YES;
				GCC_WARN_UNINITIALIZED_AUTOS = YES_AGGRESSIVE;
				GCC_WARN_UNUSED_FUNCTION = YES;
				GCC_WARN_UNUSED_VARIABLE = YES;
				LOCALIZATION_PREFERS_STRING_CATALOGS = YES;
				MACOSX_DEPLOYMENT_TARGET = 15.6;
				MTL_ENABLE_DEBUG_INFO = INCLUDE_SOURCE;
				MTL_FAST_MATH = YES;
				ONLY_ACTIVE_ARCH = YES;
				SDKROOT = macosx;
				SWIFT_ACTIVE_COMPILATION_CONDITIONS = "DEBUG $(inherited)";
				SWIFT_OPTIMIZATION_LEVEL = "-Onone";
			};
			name = Debug;
		};
		CD68E10C30210DC200899C4B /* Release */ = {
			isa = XCBuildConfiguration;
			buildSettings = {
				ALWAYS_SEARCH_USER_PATHS = NO;
				ASSETCATALOG_COMPILER_GENERATE_SWIFT_ASSET_SYMBOL_EXTENSIONS = YES;
				CLANG_ANALYZER_NONNULL = YES;
				CLANG_ANALYZER_NUMBER_OBJECT_CONVERSION = YES_AGGRESSIVE;
				CLANG_CXX_LANGUAGE_STANDARD = "gnu++20";
				CLANG_ENABLE_MODULES = YES;
				CLANG_ENABLE_OBJC_ARC = YES;
				CLANG_ENABLE_OBJC_WEAK = YES;
				CLANG_WARN_BLOCK_CAPTURE_AUTORELEASING = YES;
				CLANG_WARN_BOOL_CONVERSION = YES;
				CLANG_WARN_COMMA = YES;
				CLANG_WARN_CONSTANT_CONVERSION = YES;
				CLANG_WARN_DEPRECATED_OBJC_IMPLEMENTATIONS = YES;
				CLANG_WARN_DIRECT_OBJC_ISA_USAGE = YES_ERROR;
				CLANG_WARN_DOCUMENTATION_COMMENTS = YES;
				CLANG_WARN_EMPTY_BODY = YES;
				CLANG_WARN_ENUM_CONVERSION = YES;
				CLANG_WARN_INFINITE_RECURSION = YES;
				CLANG_WARN_INT_CONVERSION = YES;
				CLANG_WARN_NON_LITERAL_NULL_CONVERSION = YES;
				CLANG_WARN_OBJC_IMPLICIT_RETAIN_SELF = YES;
				CLANG_WARN_OBJC_LITERAL_CONVERSION = YES;
				CLANG_WARN_OBJC_ROOT_CLASS = YES_ERROR;
				CLANG_WARN_QUOTED_INCLUDE_IN_FRAMEWORK_HEADER = YES;
				CLANG_WARN_RANGE_LOOP_ANALYSIS = YES;
				CLANG_WARN_STRICT_PROTOTYPES = YES;
				CLANG_WARN_SUSPICIOUS_MOVE = YES;
				CLANG_WARN_UNGUARDED_AVAILABILITY = YES_AGGRESSIVE;
				CLANG_WARN_UNREACHABLE_CODE = YES;
				CLANG_WARN__DUPLICATE_METHOD_MATCH = YES;
				COPY_PHASE_STRIP = NO;
				DEBUG_INFORMATION_FORMAT = "dwarf-with-dsym";
				DEVELOPMENT_TEAM = F62X2JJ3T9;
				ENABLE_NS_ASSERTIONS = NO;
				ENABLE_STRICT_OBJC_MSGSEND = YES;
				ENABLE_USER_SCRIPT_SANDBOXING = YES;
				GCC_C_LANGUAGE_STANDARD = gnu17;
				GCC_NO_COMMON_BLOCKS = YES;
				GCC_WARN_64_TO_32_BIT_CONVERSION = YES;
				GCC_WARN_ABOUT_RETURN_TYPE = YES_ERROR;
				GCC_WARN_UNDECLARED_SELECTOR = YES;
				GCC_WARN_UNINITIALIZED_AUTOS = YES_AGGRESSIVE;
				GCC_WARN_UNUSED_FUNCTION = YES;
				GCC_WARN_UNUSED_VARIABLE = YES;
				LOCALIZATION_PREFERS_STRING_CATALOGS = YES;
				MACOSX_DEPLOYMENT_TARGET = 15.6;
				MTL_ENABLE_DEBUG_INFO = NO;
				MTL_FAST_MATH = YES;
				SDKROOT = macosx;
				SWIFT_COMPILATION_MODE = wholemodule;
			};
			name = Release;
		};
		CD68E10E30210DC200899C4B /* Debug */ = {
			isa = XCBuildConfiguration;
			buildSettings = {
				ASSETCATALOG_COMPILER_APPICON_NAME = AppIcon;
				ASSETCATALOG_COMPILER_GLOBAL_ACCENT_COLOR_NAME = AccentColor;
				CLANG_ENABLE_MODULES = YES;
				"CODE_SIGN_IDENTITY[sdk=macosx*]" = "Apple Development";
				CODE_SIGN_STYLE = Automatic;
				COMBINE_HIDPI_IMAGES = YES;
				CURRENT_PROJECT_VERSION = 1;
				DEVELOPMENT_TEAM = F62X2JJ3T9;
				ENABLE_APP_SANDBOX = NO;
				ENABLE_HARDENED_RUNTIME = YES;
				ENABLE_PREVIEWS = YES;
				GENERATE_INFOPLIST_FILE = YES;
				INFOPLIST_KEY_NSHumanReadableCopyright = "";
				LD_RUNPATH_SEARCH_PATHS = (
					"$(inherited)",
					"@executable_path/../Frameworks",
				);
				MARKETING_VERSION = 0.1.0;
				PRODUCT_BUNDLE_IDENTIFIER = com.tandacomposer.TandaComposer;
				PRODUCT_NAME = "$(TARGET_NAME)";
				REGISTER_APP_GROUPS = YES;
				STRING_CATALOG_GENERATE_SYMBOLS = YES;
				SWIFT_APPROACHABLE_CONCURRENCY = YES;
				SWIFT_DEFAULT_ACTOR_ISOLATION = MainActor;
				SWIFT_EMIT_LOC_STRINGS = YES;
				SWIFT_OBJC_BRIDGING_HEADER = "TandaComposer/TandaComposer-Bridging-Header.h";
				SWIFT_OPTIMIZATION_LEVEL = "-Onone";
				SWIFT_UPCOMING_FEATURE_MEMBER_IMPORT_VISIBILITY = YES;
				SWIFT_VERSION = 5.0;
			};
			name = Debug;
		};
		CD68E10F30210DC200899C4B /* Release */ = {
			isa = XCBuildConfiguration;
			buildSettings = {
				ASSETCATALOG_COMPILER_APPICON_NAME = AppIcon;
				ASSETCATALOG_COMPILER_GLOBAL_ACCENT_COLOR_NAME = AccentColor;
				CLANG_ENABLE_MODULES = YES;
				"CODE_SIGN_IDENTITY[sdk=macosx*]" = "Apple Development";
				CODE_SIGN_STYLE = Automatic;
				COMBINE_HIDPI_IMAGES = YES;
				CURRENT_PROJECT_VERSION = 1;
				DEVELOPMENT_TEAM = F62X2JJ3T9;
				ENABLE_APP_SANDBOX = NO;
				ENABLE_HARDENED_RUNTIME = YES;
				ENABLE_PREVIEWS = YES;
				GENERATE_INFOPLIST_FILE = YES;
				INFOPLIST_KEY_NSHumanReadableCopyright = "";
				LD_RUNPATH_SEARCH_PATHS = (
					"$(inherited)",
					"@executable_path/../Frameworks",
				);
				MARKETING_VERSION = 0.1.0;
				PRODUCT_BUNDLE_IDENTIFIER = com.tandacomposer.TandaComposer;
				PRODUCT_NAME = "$(TARGET_NAME)";
				REGISTER_APP_GROUPS = YES;
				STRING_CATALOG_GENERATE_SYMBOLS = YES;
				SWIFT_APPROACHABLE_CONCURRENCY = YES;
				SWIFT_DEFAULT_ACTOR_ISOLATION = MainActor;
				SWIFT_EMIT_LOC_STRINGS = YES;
				SWIFT_OBJC_BRIDGING_HEADER = "TandaComposer/TandaComposer-Bridging-Header.h";
				SWIFT_UPCOMING_FEATURE_MEMBER_IMPORT_VISIBILITY = YES;
				SWIFT_VERSION = 5.0;
			};
			name = Release;
		};
/* End XCBuildConfiguration section */

/* Begin XCConfigurationList section */
		CD68E0FD30210DC000899C4B /* Build configuration list for PBXProject "TandaComposer" */ = {
			isa = XCConfigurationList;
			buildConfigurations = (
				CD68E10B30210DC200899C4B /* Debug */,
				CD68E10C30210DC200899C4B /* Release */,
			);
			defaultConfigurationIsVisible = 0;
			defaultConfigurationName = Release;
		};
		CD68E10D30210DC200899C4B /* Build configuration list for PBXNativeTarget "TandaComposer" */ = {
			isa = XCConfigurationList;
			buildConfigurations = (
				CD68E10E30210DC200899C4B /* Debug */,
				CD68E10F30210DC200899C4B /* Release */,
			);
			defaultConfigurationIsVisible = 0;
			defaultConfigurationName = Release;
		};
/* End XCConfigurationList section */

/* Begin XCRemoteSwiftPackageReference section */
		CD2C16763021DEE0001CC889 /* XCRemoteSwiftPackageReference "GRDB.swift" */ = {
			isa = XCRemoteSwiftPackageReference;
			repositoryURL = "https://github.com/groue/GRDB.swift.git";
			requirement = {
				kind = exactVersion;
				version = 7.11.1;
			};
		};
/* End XCRemoteSwiftPackageReference section */

/* Begin XCSwiftPackageProductDependency section */
		CD2C16773021DEE0001CC889 /* GRDB */ = {
			isa = XCSwiftPackageProductDependency;
			package = CD2C16763021DEE0001CC889 /* XCRemoteSwiftPackageReference "GRDB.swift" */;
			productName = GRDB;
		};
/* End XCSwiftPackageProductDependency section */
	};
	rootObject = CD68E0FA30210DC000899C4B /* Project object */;
}
